
Microsoft Visual Studio Solution File, Format Version 12.00
# Visual Studio Version 17
VisualStudioVersion = 17.9.34728.123
MinimumVisualStudioVersion = 10.0.40219.1
Project("{9A19103F-16F7-4668-BE54-9A1E7A4F7556}") = "Serilog.Sinks.ObservableCollection", "Serilog.Sinks.ObservableCollection\Serilog.Sinks.ObservableCollection.csproj", "{A2483B07-15EE-4FD4-930E-F356C8D3F0BE}"
EndProject
Project("{9A19103F-16F7-4668-BE54-9A1E7A4F7556}") = "Serilog.Sinks.ObservableCollection.Tests", "Serilog.Sinks.ObservableCollection.Tests\Serilog.Sinks.ObservableCollection.Tests.csproj", "{C7A2E9DA-C9F4-4D10-BBB2-7DA294BDC197}"
EndProject
Project("{2150E333-8FDC-42A3-9474-1A3956D46DE8}") = "Solution Items", "Solution Items", "{2B07806E-8579-4247-9BEE-09E6D465635C}"
	ProjectSection(SolutionItems) = preProject
		LICENSE.md = LICENSE.md
		README.md = README.md
	EndProjectSection
EndProject
Project("{9A19103F-16F7-4668-BE54-9A1E7A4F7556}") = "Sample", "Example\Sample\Sample.csproj", "{9338BCCD-1EC6-48DB-B304-34AE3CD46C3D}"
EndProject
Global
	GlobalSection(SolutionConfigurationPlatforms) = preSolution
		Debug|Any CPU = Debug|Any CPU
		Release|Any CPU = Release|Any CPU
	EndGlobalSection
	GlobalSection(ProjectConfigurationPlatforms) = postSolution
		{A2483B07-15EE-4FD4-930E-F356C8D3F0BE}.Debug|Any CPU.ActiveCfg = Debug|Any CPU
		{A2483B07-15EE-4FD4-930E-F356C8D3F0BE}.Debug|Any CPU.Build.0 = Debug|Any CPU
		{A2483B07-15EE-4FD4-930E-F356C8D3F0BE}.Release|Any CPU.ActiveCfg = Release|Any CPU
		{A2483B07-15EE-4FD4-930E-F356C8D3F0BE}.Release|Any CPU.Build.0 = Release|Any CPU
		{C7A2E9DA-C9F4-4D10-BBB2-7DA294BDC197}.Debug|Any CPU.ActiveCfg = Debug|Any CPU
		{C7A2E9DA-C9F4-4D10-BBB2-7DA294BDC197}.Debug|Any CPU.Build.0 = Debug|Any CPU
		{C7A2E9DA-C9F4-4D10-BBB2-7DA294BDC197}.Release|Any CPU.ActiveCfg = Release|Any CPU
		{C7A2E9DA-C9F4-4D10-BBB2-7DA294BDC197}.Release|Any CPU.Build.0 = Release|Any CPU
		{9338BCCD-1EC6-48DB-B304-34AE3CD46C3D}.Debug|Any CPU.ActiveCfg = Debug|Any CPU
		{9338BCCD-1EC6-48DB-B304-34AE3CD46C3D}.Debug|Any CPU.Build.0 = Debug|Any CPU
		{9338BCCD-1EC6-48DB-B304-34AE3CD46C3D}.Release|Any CPU.ActiveCfg = Release|Any CPU
		{9338BCCD-1EC6-48DB-B304-34AE3CD46C3D}.Release|Any CPU.Build.0 = Release|Any CPU
	EndGlobalSection
	GlobalSection(SolutionProperties) = preSolution
		HideSolutionNode = FALSE
	EndGlobalSection
	GlobalSection(ExtensibilityGlobals) = postSolution
		SolutionGuid = {C9A32B70-7F1D-452F-9ADB-0DA5173B2301}
	EndGlobalSection
EndGlobal
